
Microsoft Visual Studio Solution File, Format Version 12.00
# Visual Studio Version 16
VisualStudioVersion = 16.0.30804.86
MinimumVisualStudioVersion = 10.0.40219.1
Project("{8BC9CEB8-8B4A-11D0-8D11-00A0C91BC942}") = "Client", "Client\Client.vcxproj", "{AD7E7562-AD46-450B-A641-97016F8FAB0F}"
EndProject
Project("{8BC9CEB8-8B4A-11D0-8D11-00A0C91BC942}") = "Library", "Library\Library.vcxproj", "{5DDEC5B1-54E1-459B-B963-B87883A8D7D5}"
EndProject
Project("{8BC9CEB8-8B4A-11D0-8D11-00A0C91BC942}") = "DatabaseEditor", "DatabaseEditor\DatabaseEditor.vcxproj", "{C1959F83-E4BE-4E5E-A447-55A227791CE7}"
EndProject
Project("{8BC9CEB8-8B4A-11D0-8D11-00A0C91BC942}") = "Service", "Service\Service.vcxproj", "{8C377588-16B9-4C95-8E37-8F3DF546D1AF}"
EndProject
Global
	GlobalSection(SolutionConfigurationPlatforms) = preSolution
		Debug|Any CPU = Debug|Any CPU
		Debug|x64 = Debug|x64
		Debug|x86 = Debug|x86
		Release|Any CPU = Release|Any CPU
		Release|x64 = Release|x64
		Release|x86 = Release|x86
	EndGlobalSection
	GlobalSection(ProjectConfigurationPlatforms) = postSolution
		{AD7E7562-AD46-450B-A641-97016F8FAB0F}.Debug|Any CPU.ActiveCfg = Debug|Win32
		{AD7E7562-AD46-450B-A641-97016F8FAB0F}.Debug|x64.ActiveCfg = Debug|x64
		{AD7E7562-AD46-450B-A641-97016F8FAB0F}.Debug|x64.Build.0 = Debug|x64
		{AD7E7562-AD46-450B-A641-97016F8FAB0F}.Debug|x86.ActiveCfg = Debug|Win32
		{AD7E7562-AD46-450B-A641-97016F8FAB0F}.Debug|x86.Build.0 = Debug|Win32
		{AD7E7562-AD46-450B-A641-97016F8FAB0F}.Release|Any CPU.ActiveCfg = Release|Win32
		{AD7E7562-AD46-450B-A641-97016F8FAB0F}.Release|x64.ActiveCfg = Release|x64
		{AD7E7562-AD46-450B-A641-97016F8FAB0F}.Release|x64.Build.0 = Release|x64
		{AD7E7562-AD46-450B-A641-97016F8FAB0F}.Release|x86.ActiveCfg = Release|Win32
		{AD7E7562-AD46-450B-A641-97016F8FAB0F}.Release|x86.Build.0 = Release|Win32
		{5DDEC5B1-54E1-459B-B963-B87883A8D7D5}.Debug|Any CPU.ActiveCfg = Debug|Win32
		{5DDEC5B1-54E1-459B-B963-B87883A8D7D5}.Debug|x64.ActiveCfg = Debug|x64
		{5DDEC5B1-54E1-459B-B963-B87883A8D7D5}.Debug|x64.Build.0 = Debug|x64
		{5DDEC5B1-54E1-459B-B963-B87883A8D7D5}.Debug|x86.ActiveCfg = Debug|Win32
		{5DDEC5B1-54E1-459B-B963-B87883A8D7D5}.Debug|x86.Build.0 = Debug|Win32
		{5DDEC5B1-54E1-459B-B963-B87883A8D7D5}.Release|Any CPU.ActiveCfg = Release|Win32
		{5DDEC5B1-54E1-459B-B963-B87883A8D7D5}.Release|x64.ActiveCfg = Release|x64
		{5DDEC5B1-54E1-459B-B963-B87883A8D7D5}.Release|x64.Build.0 = Release|x64
		{5DDEC5B1-54E1-459B-B963-B87883A8D7D5}.Release|x86.ActiveCfg = Release|Win32
		{5DDEC5B1-54E1-459B-B963-B87883A8D7D5}.Release|x86.Build.0 = Release|Win32
		{C1959F83-E4BE-4E5E-A447-55A227791CE7}.Debug|Any CPU.ActiveCfg = Debug|Win32
		{C1959F83-E4BE-4E5E-A447-55A227791CE7}.Debug|x64.ActiveCfg = Debug|x64
		{C1959F83-E4BE-4E5E-A447-55A227791CE7}.Debug|x64.Build.0 = Debug|x64
		{C1959F83-E4BE-4E5E-A447-55A227791CE7}.Debug|x86.ActiveCfg = Debug|Win32
		{C1959F83-E4BE-4E5E-A447-55A227791CE7}.Debug|x86.Build.0 = Debug|Win32
		{C1959F83-E4BE-4E5E-A447-55A227791CE7}.Release|Any CPU.ActiveCfg = Release|Win32
		{C1959F83-E4BE-4E5E-A447-55A227791CE7}.Release|x64.ActiveCfg = Release|x64
		{C1959F83-E4BE-4E5E-A447-55A227791CE7}.Release|x64.Build.0 = Release|x64
		{C1959F83-E4BE-4E5E-A447-55A227791CE7}.Release|x86.ActiveCfg = Release|Win32
		{C1959F83-E4BE-4E5E-A447-55A227791CE7}.Release|x86.Build.0 = Release|Win32
		{8C377588-16B9-4C95-8E37-8F3DF546D1AF}.Debug|Any CPU.ActiveCfg = Debug|Win32
		{8C377588-16B9-4C95-8E37-8F3DF546D1AF}.Debug|x64.ActiveCfg = Debug|x64
		{8C377588-16B9-4C95-8E37-8F3DF546D1AF}.Debug|x64.Build.0 = Debug|x64
		{8C377588-16B9-4C95-8E37-8F3DF546D1AF}.Debug|x86.ActiveCfg = Debug|Win32
		{8C377588-16B9-4C95-8E37-8F3DF546D1AF}.Debug|x86.Build.0 = Debug|Win32
		{8C377588-16B9-4C95-8E37-8F3DF546D1AF}.Release|Any CPU.ActiveCfg = Release|Win32
		{8C377588-16B9-4C95-8E37-8F3DF546D1AF}.Release|x64.ActiveCfg = Release|x64
		{8C377588-16B9-4C95-8E37-8F3DF546D1AF}.Release|x64.Build.0 = Release|x64
		{8C377588-16B9-4C95-8E37-8F3DF546D1AF}.Release|x86.ActiveCfg = Release|Win32
		{8C377588-16B9-4C95-8E37-8F3DF546D1AF}.Release|x86.Build.0 = Release|Win32
	EndGlobalSection
	GlobalSection(SolutionProperties) = preSolution
		HideSolutionNode = FALSE
	EndGlobalSection
	GlobalSection(ExtensibilityGlobals) = postSolution
		SolutionGuid = {DCD4CD6A-987E-4242-8E79-F050C34EC6F8}
	EndGlobalSection
EndGlobal
